
Microsoft Visual Studio Solution File, Format Version 12.00
# Visual Studio Version 16
VisualStudioVersion = 16.0.31229.75
MinimumVisualStudioVersion = 10.0.40219.1
Project("{8BC9CEB8-8B4A-11D0-8D11-00A0C91BC942}") = "AssaultCubeMods", "AssaultCubeMods\AssaultCubeMods.vcxproj", "{459DE1DC-8267-4ACE-BB68-FD53943BF201}"
EndProject
Global
	GlobalSection(SolutionConfigurationPlatforms) = preSolution
		Debug|x64 = Debug|x64
		Debug|x86 = Debug|x86
		Release|x64 = Release|x64
		Release|x86 = Release|x86
	EndGlobalSection
	GlobalSection(ProjectConfigurationPlatforms) = postSolution
		{459DE1DC-8267-4ACE-BB68-FD53943BF201}.Debug|x64.ActiveCfg = Debug|x64
		{459DE1DC-8267-4ACE-BB68-FD53943BF201}.Debug|x64.Build.0 = Debug|x64
		{459DE1DC-8267-4ACE-BB68-FD53943BF201}.Debug|x86.ActiveCfg = Debug|Win32
		{459DE1DC-8267-4ACE-BB68-FD53943BF201}.Debug|x86.Build.0 = Debug|Win32
		{459DE1DC-8267-4ACE-BB68-FD53943BF201}.Release|x64.ActiveCfg = Release|x64
		{459DE1DC-8267-4ACE-BB68-FD53943BF201}.Release|x64.Build.0 = Release|x64
		{459DE1DC-8267-4ACE-BB68-FD53943BF201}.Release|x86.ActiveCfg = Release|Win32
		{459DE1DC-8267-4ACE-BB68-FD53943BF201}.Release|x86.Build.0 = Release|Win32
	EndGlobalSection
	GlobalSection(SolutionProperties) = preSolution
		HideSolutionNode = FALSE
	EndGlobalSection
	GlobalSection(ExtensibilityGlobals) = postSolution
		SolutionGuid = {9E2322F0-4E0D-4D3A-926B-C618FB51F153}
	EndGlobalSection
EndGlobal
